
Microsoft Visual Studio Solution File, Format Version 12.00
# Visual Studio Version 17
VisualStudioVersion = 17.10.35122.118
MinimumVisualStudioVersion = 10.0.40219.1
Project("{2150E333-8FDC-42A3-9474-1A3956D46DE8}") = "Task0", "Task0", "{4D203C75-F073-4A0F-A4CF-2F5ABC61FE76}"
EndProject
Project("{9A19103F-16F7-4668-BE54-9A1E7A4F7556}") = "Tyuiu.HabibullinMR.Sprint0.Task0.V0", "Tyuiu.HabibullinMR.Sprint0.Task0.V0\Tyuiu.HabibullinMR.Sprint0.Task0.V0.csproj", "{BCA5F751-959A-4FE4-82E2-43F70876DD9C}"
EndProject
Project("{2150E333-8FDC-42A3-9474-1A3956D46DE8}") = "Task1", "Task1", "{9F289E7E-6025-48BA-BC8A-8F1FB134DCE7}"
EndProject
Project("{9A19103F-16F7-4668-BE54-9A1E7A4F7556}") = "Tyuiu.HabibullinMR.Sprint0.Task1.V0", "Tyuiu.HabibullinMR.Sprint0.Task1.V0\Tyuiu.HabibullinMR.Sprint0.Task1.V0.csproj", "{8A27649A-EDF5-414C-BCFF-82693AD9CF29}"
EndProject
Project("{2150E333-8FDC-42A3-9474-1A3956D46DE8}") = "Task2", "Task2", "{0FDD4D26-5D97-4B77-BF0E-9A7E161B2792}"
EndProject
Project("{9A19103F-16F7-4668-BE54-9A1E7A4F7556}") = "Tyuiu.HabibullinMR.Sprint0.Task2.V0", "Tyuiu.HabibullinMR.Sprint0.Task2.V0\Tyuiu.HabibullinMR.Sprint0.Task2.V0.csproj", "{8C6E0771-449D-4068-9D32-E830096BE9D3}"
EndProject
Project("{9A19103F-16F7-4668-BE54-9A1E7A4F7556}") = "Tyuiu.HabibullinMR.Sprint0.Task2.V0.Lib", "Tyuiu.HabibullinMR.Sprint0.Task2.V0.Lib\Tyuiu.HabibullinMR.Sprint0.Task2.V0.Lib.csproj", "{44AD1BE8-21D1-4182-A6B2-79244C2CD15B}"
EndProject
Project("{9A19103F-16F7-4668-BE54-9A1E7A4F7556}") = "Tyuiu.HabibullinMR.Sprint0.Task2.V0.Test", "Tyuiu.HabibullinMR.Sprint0.Task2.V0.Test\Tyuiu.HabibullinMR.Sprint0.Task2.V0.Test.csproj", "{1207C2D9-C5BB-4842-99E1-E53AE9C0855C}"
EndProject
Project("{2150E333-8FDC-42A3-9474-1A3956D46DE8}") = "Task3", "Task3", "{F35D6A94-F54D-4B57-B749-95CFF4360957}"
EndProject
Project("{9A19103F-16F7-4668-BE54-9A1E7A4F7556}") = "Tyuiu.HabibullinMR.Sprint0.Task3.V0", "Tyuiu.HabibullinMR.Sprint0.Task3.V0\Tyuiu.HabibullinMR.Sprint0.Task3.V0.csproj", "{EC15088D-85C0-4603-90BE-D68611F370FC}"
EndProject
Project("{9A19103F-16F7-4668-BE54-9A1E7A4F7556}") = "Tyuiu.HabibullinMR.Sprint0.Task3.V0.Test", "Tyuiu.HabibullinMR.Sprint0.Task3.V0.Test\Tyuiu.HabibullinMR.Sprint0.Task3.V0.Test.csproj", "{28CE51D3-CFD3-4DB9-96B3-4ED3C975ECE8}"
EndProject
Project("{9A19103F-16F7-4668-BE54-9A1E7A4F7556}") = "Tyuiu.HabibullinMR.Sprint0.Task3.V0.Lib", "Tyuiu.HabibullinMR.Sprint0.Task3.V0.Lib\Tyuiu.HabibullinMR.Sprint0.Task3.V0.Lib.csproj", "{1B53C2BD-5367-4770-8F4A-DC8AE52ED0D8}"
EndProject
Project("{2150E333-8FDC-42A3-9474-1A3956D46DE8}") = "Task4", "Task4", "{F69BF286-DEB8-45CB-AFA9-B507E794E48B}"
EndProject
Project("{9A19103F-16F7-4668-BE54-9A1E7A4F7556}") = "Tyuiu.HabibullinMR.Sprint0.Task4.V0", "Tyuiu.HabibullinMR.Sprint0.Task4.V0\Tyuiu.HabibullinMR.Sprint0.Task4.V0.csproj", "{F72949E5-1D24-408B-856F-AC1AEEB53E6F}"
EndProject
Project("{9A19103F-16F7-4668-BE54-9A1E7A4F7556}") = "Tyuiu.HabibullinMR.Sprint0.Task4.V0.Lib", "Tyuiu.HabibullinMR.Sprint0.Task4.V0.Lib\Tyuiu.HabibullinMR.Sprint0.Task4.V0.Lib.csproj", "{E47E55F0-F7E9-4D2C-B597-6AD018D38C59}"
EndProject
Project("{9A19103F-16F7-4668-BE54-9A1E7A4F7556}") = "Tyuiu.HabibullinMR.Sprint0.Task4.V0.Test", "Tyuiu.HabibullinMR.Sprint0.Task4.V0.Test\Tyuiu.HabibullinMR.Sprint0.Task4.V0.Test.csproj", "{926D6CE2-83CE-495E-A7F8-E885DFA342EF}"
EndProject
Project("{2150E333-8FDC-42A3-9474-1A3956D46DE8}") = "Task5", "Task5", "{B13005AA-2323-4B57-B0B9-47EF0C08F915}"
EndProject
Project("{9A19103F-16F7-4668-BE54-9A1E7A4F7556}") = "Tyuiu.HabibullinMR.Sprint0.Task5.V0", "Tyuiu.HabibullinMR.Sprint0.Task5.V0\Tyuiu.HabibullinMR.Sprint0.Task5.V0.csproj", "{D8DDFD1E-AB44-4A75-9A8C-30E05FBCCEFC}"
EndProject
Project("{9A19103F-16F7-4668-BE54-9A1E7A4F7556}") = "Tyuiu.HabibullinMR.Sprint0.Task5.V0.Test", "Tyuiu.HabibullinMR.Sprint0.Task5.V0.Test\Tyuiu.HabibullinMR.Sprint0.Task5.V0.Test.csproj", "{27621689-155D-47DB-BB5E-C96F71CBDB0E}"
EndProject
Project("{9A19103F-16F7-4668-BE54-9A1E7A4F7556}") = "Tyuiu.HabibullinMR.Sprint0.Task5.V0.Lib", "Tyuiu.HabibullinMR.Sprint0.Task5.V0.Lib\Tyuiu.HabibullinMR.Sprint0.Task5.V0.Lib.csproj", "{93FDE9AB-45F5-4BDF-894F-5797D1B49B5C}"
EndProject
Project("{2150E333-8FDC-42A3-9474-1A3956D46DE8}") = "Task6", "Task6", "{098E5DCF-AD2A-400A-9F64-08484CAEA74C}"
EndProject
Project("{9A19103F-16F7-4668-BE54-9A1E7A4F7556}") = "Tyuiu.HabibullinMR.Sprint0.Task6.V0", "Tyuiu.HabibullinMR.Sprint0.Task6.V0\Tyuiu.HabibullinMR.Sprint0.Task6.V0.csproj", "{7BD210BB-AF2F-4C11-82A9-920D97321F54}"
EndProject
Project("{9A19103F-16F7-4668-BE54-9A1E7A4F7556}") = "Tyuiu.HabibullinMR.Sprint0.Task6.V0.Test", "Tyuiu.HabibullinMR.Sprint0.Task6.V0.Test\Tyuiu.HabibullinMR.Sprint0.Task6.V0.Test.csproj", "{E4E7046F-1BEC-4FCC-8F07-E3133BE92F08}"
EndProject
Project("{9A19103F-16F7-4668-BE54-9A1E7A4F7556}") = "Tyuiu.HabibullinMR.Sprint0.Task6.V0.Lib", "Tyuiu.HabibullinMR.Sprint0.Task6.V0.Lib\Tyuiu.HabibullinMR.Sprint0.Task6.V0.Lib.csproj", "{C1A1D15C-6234-4966-830A-AEEDAEEB5D03}"
EndProject
Project("{2150E333-8FDC-42A3-9474-1A3956D46DE8}") = "Task7", "Task7", "{D8F0F8EC-5522-4224-9957-E531C0837FEC}"
EndProject
Project("{FAE04EC0-301F-11D3-BF4B-00C04F79EFBC}") = "Tyuiu.HabibullinMR.Sprint0.Task7.V0", "Tyuiu.HabibullinMR.Sprint0.Task7.V0\Tyuiu.HabibullinMR.Sprint0.Task7.V0.csproj", "{92A1B56D-8CEA-4390-89EF-39D727840E67}"
EndProject
Project("{FAE04EC0-301F-11D3-BF4B-00C04F79EFBC}") = "Tyuiu.HabibullinMR.Sprint0.Task7.V0.Test", "Tyuiu.HabibullinMR.Sprint0.Task7.V0.Test\Tyuiu.HabibullinMR.Sprint0.Task7.V0.Test.csproj", "{F43F0916-DAB4-4D02-8012-138FD6FFB072}"
EndProject
Project("{FAE04EC0-301F-11D3-BF4B-00C04F79EFBC}") = "Tyuiu.HabibullinMR.Sprint0.Task7.V0.Lib", "Tyuiu.HabibullinMR.Sprint0.Task7.V0.Lib\Tyuiu.HabibullinMR.Sprint0.Task7.V0.Lib.csproj", "{9826A02B-9AF5-4EA3-AB3F-30358958A7BB}"
EndProject
Global
	GlobalSection(SolutionConfigurationPlatforms) = preSolution
		Debug|Any CPU = Debug|Any CPU
		Release|Any CPU = Release|Any CPU
	EndGlobalSection
	GlobalSection(ProjectConfigurationPlatforms) = postSolution
		{BCA5F751-959A-4FE4-82E2-43F70876DD9C}.Debug|Any CPU.ActiveCfg = Debug|Any CPU
		{BCA5F751-959A-4FE4-82E2-43F70876DD9C}.Debug|Any CPU.Build.0 = Debug|Any CPU
		{BCA5F751-959A-4FE4-82E2-43F70876DD9C}.Release|Any CPU.ActiveCfg = Release|Any CPU
		{BCA5F751-959A-4FE4-82E2-43F70876DD9C}.Release|Any CPU.Build.0 = Release|Any CPU
		{8A27649A-EDF5-414C-BCFF-82693AD9CF29}.Debug|Any CPU.ActiveCfg = Debug|Any CPU
		{8A27649A-EDF5-414C-BCFF-82693AD9CF29}.Debug|Any CPU.Build.0 = Debug|Any CPU
		{8A27649A-EDF5-414C-BCFF-82693AD9CF29}.Release|Any CPU.ActiveCfg = Release|Any CPU
		{8A27649A-EDF5-414C-BCFF-82693AD9CF29}.Release|Any CPU.Build.0 = Release|Any CPU
		{8C6E0771-449D-4068-9D32-E830096BE9D3}.Debug|Any CPU.ActiveCfg = Debug|Any CPU
		{8C6E0771-449D-4068-9D32-E830096BE9D3}.Debug|Any CPU.Build.0 = Debug|Any CPU
		{8C6E0771-449D-4068-9D32-E830096BE9D3}.Release|Any CPU.ActiveCfg = Release|Any CPU
		{8C6E0771-449D-4068-9D32-E830096BE9D3}.Release|Any CPU.Build.0 = Release|Any CPU
		{44AD1BE8-21D1-4182-A6B2-79244C2CD15B}.Debug|Any CPU.ActiveCfg = Debug|Any CPU
		{44AD1BE8-21D1-4182-A6B2-79244C2CD15B}.Debug|Any CPU.Build.0 = Debug|Any CPU
		{44AD1BE8-21D1-4182-A6B2-79244C2CD15B}.Release|Any CPU.ActiveCfg = Release|Any CPU
		{44AD1BE8-21D1-4182-A6B2-79244C2CD15B}.Release|Any CPU.Build.0 = Release|Any CPU
		{1207C2D9-C5BB-4842-99E1-E53AE9C0855C}.Debug|Any CPU.ActiveCfg = Debug|Any CPU
		{1207C2D9-C5BB-4842-99E1-E53AE9C0855C}.Debug|Any CPU.Build.0 = Debug|Any CPU
		{1207C2D9-C5BB-4842-99E1-E53AE9C0855C}.Release|Any CPU.ActiveCfg = Release|Any CPU
		{1207C2D9-C5BB-4842-99E1-E53AE9C0855C}.Release|Any CPU.Build.0 = Release|Any CPU
		{EC15088D-85C0-4603-90BE-D68611F370FC}.Debug|Any CPU.ActiveCfg = Debug|Any CPU
		{EC15088D-85C0-4603-90BE-D68611F370FC}.Debug|Any CPU.Build.0 = Debug|Any CPU
		{EC15088D-85C0-4603-90BE-D68611F370FC}.Release|Any CPU.ActiveCfg = Release|Any CPU
		{EC15088D-85C0-4603-90BE-D68611F370FC}.Release|Any CPU.Build.0 = Release|Any CPU
		{28CE51D3-CFD3-4DB9-96B3-4ED3C975ECE8}.Debug|Any CPU.ActiveCfg = Debug|Any CPU
		{28CE51D3-CFD3-4DB9-96B3-4ED3C975ECE8}.Debug|Any CPU.Build.0 = Debug|Any CPU
		{28CE51D3-CFD3-4DB9-96B3-4ED3C975ECE8}.Release|Any CPU.ActiveCfg = Release|Any CPU
		{28CE51D3-CFD3-4DB9-96B3-4ED3C975ECE8}.Release|Any CPU.Build.0 = Release|Any CPU
		{1B53C2BD-5367-4770-8F4A-DC8AE52ED0D8}.Debug|Any CPU.ActiveCfg = Debug|Any CPU
		{1B53C2BD-5367-4770-8F4A-DC8AE52ED0D8}.Debug|Any CPU.Build.0 = Debug|Any CPU
		{1B53C2BD-5367-4770-8F4A-DC8AE52ED0D8}.Release|Any CPU.ActiveCfg = Release|Any CPU
		{1B53C2BD-5367-4770-8F4A-DC8AE52ED0D8}.Release|Any CPU.Build.0 = Release|Any CPU
		{F72949E5-1D24-408B-856F-AC1AEEB53E6F}.Debug|Any CPU.ActiveCfg = Debug|Any CPU
		{F72949E5-1D24-408B-856F-AC1AEEB53E6F}.Debug|Any CPU.Build.0 = Debug|Any CPU
		{F72949E5-1D24-408B-856F-AC1AEEB53E6F}.Release|Any CPU.ActiveCfg = Release|Any CPU
		{F72949E5-1D24-408B-856F-AC1AEEB53E6F}.Release|Any CPU.Build.0 = Release|Any CPU
		{E47E55F0-F7E9-4D2C-B597-6AD018D38C59}.Debug|Any CPU.ActiveCfg = Debug|Any CPU
		{E47E55F0-F7E9-4D2C-B597-6AD018D38C59}.Debug|Any CPU.Build.0 = Debug|Any CPU
		{E47E55F0-F7E9-4D2C-B597-6AD018D38C59}.Release|Any CPU.ActiveCfg = Release|Any CPU
		{E47E55F0-F7E9-4D2C-B597-6AD018D38C59}.Release|Any CPU.Build.0 = Release|Any CPU
		{926D6CE2-83CE-495E-A7F8-E885DFA342EF}.Debug|Any CPU.ActiveCfg = Debug|Any CPU
		{926D6CE2-83CE-495E-A7F8-E885DFA342EF}.Debug|Any CPU.Build.0 = Debug|Any CPU
		{926D6CE2-83CE-495E-A7F8-E885DFA342EF}.Release|Any CPU.ActiveCfg = Release|Any CPU
		{926D6CE2-83CE-495E-A7F8-E885DFA342EF}.Release|Any CPU.Build.0 = Release|Any CPU
		{D8DDFD1E-AB44-4A75-9A8C-30E05FBCCEFC}.Debug|Any CPU.ActiveCfg = Debug|Any CPU
		{D8DDFD1E-AB44-4A75-9A8C-30E05FBCCEFC}.Debug|Any CPU.Build.0 = Debug|Any CPU
		{D8DDFD1E-AB44-4A75-9A8C-30E05FBCCEFC}.Release|Any CPU.ActiveCfg = Release|Any CPU
		{D8DDFD1E-AB44-4A75-9A8C-30E05FBCCEFC}.Release|Any CPU.Build.0 = Release|Any CPU
		{27621689-155D-47DB-BB5E-C96F71CBDB0E}.Debug|Any CPU.ActiveCfg = Debug|Any CPU
		{27621689-155D-47DB-BB5E-C96F71CBDB0E}.Debug|Any CPU.Build.0 = Debug|Any CPU
		{27621689-155D-47DB-BB5E-C96F71CBDB0E}.Release|Any CPU.ActiveCfg = Release|Any CPU
		{27621689-155D-47DB-BB5E-C96F71CBDB0E}.Release|Any CPU.Build.0 = Release|Any CPU
		{93FDE9AB-45F5-4BDF-894F-5797D1B49B5C}.Debug|Any CPU.ActiveCfg = Debug|Any CPU
		{93FDE9AB-45F5-4BDF-894F-5797D1B49B5C}.Debug|Any CPU.Build.0 = Debug|Any CPU
		{93FDE9AB-45F5-4BDF-894F-5797D1B49B5C}.Release|Any CPU.ActiveCfg = Release|Any CPU
		{93FDE9AB-45F5-4BDF-894F-5797D1B49B5C}.Release|Any CPU.Build.0 = Release|Any CPU
		{7BD210BB-AF2F-4C11-82A9-920D97321F54}.Debug|Any CPU.ActiveCfg = Debug|Any CPU
		{7BD210BB-AF2F-4C11-82A9-920D97321F54}.Debug|Any CPU.Build.0 = Debug|Any CPU
		{7BD210BB-AF2F-4C11-82A9-920D97321F54}.Release|Any CPU.ActiveCfg = Release|Any CPU
		{7BD210BB-AF2F-4C11-82A9-920D97321F54}.Release|Any CPU.Build.0 = Release|Any CPU
		{E4E7046F-1BEC-4FCC-8F07-E3133BE92F08}.Debug|Any CPU.ActiveCfg = Debug|Any CPU
		{E4E7046F-1BEC-4FCC-8F07-E3133BE92F08}.Debug|Any CPU.Build.0 = Debug|Any CPU
		{E4E7046F-1BEC-4FCC-8F07-E3133BE92F08}.Release|Any CPU.ActiveCfg = Release|Any CPU
		{E4E7046F-1BEC-4FCC-8F07-E3133BE92F08}.Release|Any CPU.Build.0 = Release|Any CPU
		{C1A1D15C-6234-4966-830A-AEEDAEEB5D03}.Debug|Any CPU.ActiveCfg = Debug|Any CPU
		{C1A1D15C-6234-4966-830A-AEEDAEEB5D03}.Debug|Any CPU.Build.0 = Debug|Any CPU
		{C1A1D15C-6234-4966-830A-AEEDAEEB5D03}.Release|Any CPU.ActiveCfg = Release|Any CPU
		{C1A1D15C-6234-4966-830A-AEEDAEEB5D03}.Release|Any CPU.Build.0 = Release|Any CPU
		{92A1B56D-8CEA-4390-89EF-39D727840E67}.Debug|Any CPU.ActiveCfg = Debug|Any CPU
		{92A1B56D-8CEA-4390-89EF-39D727840E67}.Debug|Any CPU.Build.0 = Debug|Any CPU
		{92A1B56D-8CEA-4390-89EF-39D727840E67}.Release|Any CPU.ActiveCfg = Release|Any CPU
		{92A1B56D-8CEA-4390-89EF-39D727840E67}.Release|Any CPU.Build.0 = Release|Any CPU
		{F43F0916-DAB4-4D02-8012-138FD6FFB072}.Debug|Any CPU.ActiveCfg = Debug|Any CPU
		{F43F0916-DAB4-4D02-8012-138FD6FFB072}.Debug|Any CPU.Build.0 = Debug|Any CPU
		{F43F0916-DAB4-4D02-8012-138FD6FFB072}.Release|Any CPU.ActiveCfg = Release|Any CPU
		{F43F0916-DAB4-4D02-8012-138FD6FFB072}.Release|Any CPU.Build.0 = Release|Any CPU
		{9826A02B-9AF5-4EA3-AB3F-30358958A7BB}.Debug|Any CPU.ActiveCfg = Debug|Any CPU
		{9826A02B-9AF5-4EA3-AB3F-30358958A7BB}.Debug|Any CPU.Build.0 = Debug|Any CPU
		{9826A02B-9AF5-4EA3-AB3F-30358958A7BB}.Release|Any CPU.ActiveCfg = Release|Any CPU
		{9826A02B-9AF5-4EA3-AB3F-30358958A7BB}.Release|Any CPU.Build.0 = Release|Any CPU
	EndGlobalSection
	GlobalSection(SolutionProperties) = preSolution
		HideSolutionNode = FALSE
	EndGlobalSection
	GlobalSection(NestedProjects) = preSolution
		{BCA5F751-959A-4FE4-82E2-43F70876DD9C} = {4D203C75-F073-4A0F-A4CF-2F5ABC61FE76}
		{8A27649A-EDF5-414C-BCFF-82693AD9CF29} = {9F289E7E-6025-48BA-BC8A-8F1FB134DCE7}
		{8C6E0771-449D-4068-9D32-E830096BE9D3} = {0FDD4D26-5D97-4B77-BF0E-9A7E161B2792}
		{44AD1BE8-21D1-4182-A6B2-79244C2CD15B} = {0FDD4D26-5D97-4B77-BF0E-9A7E161B2792}
		{1207C2D9-C5BB-4842-99E1-E53AE9C0855C} = {0FDD4D26-5D97-4B77-BF0E-9A7E161B2792}
		{EC15088D-85C0-4603-90BE-D68611F370FC} = {F35D6A94-F54D-4B57-B749-95CFF4360957}
		{28CE51D3-CFD3-4DB9-96B3-4ED3C975ECE8} = {F35D6A94-F54D-4B57-B749-95CFF4360957}
		{1B53C2BD-5367-4770-8F4A-DC8AE52ED0D8} = {F35D6A94-F54D-4B57-B749-95CFF4360957}
		{F72949E5-1D24-408B-856F-AC1AEEB53E6F} = {F69BF286-DEB8-45CB-AFA9-B507E794E48B}
		{E47E55F0-F7E9-4D2C-B597-6AD018D38C59} = {F69BF286-DEB8-45CB-AFA9-B507E794E48B}
		{926D6CE2-83CE-495E-A7F8-E885DFA342EF} = {F69BF286-DEB8-45CB-AFA9-B507E794E48B}
		{D8DDFD1E-AB44-4A75-9A8C-30E05FBCCEFC} = {B13005AA-2323-4B57-B0B9-47EF0C08F915}
		{27621689-155D-47DB-BB5E-C96F71CBDB0E} = {B13005AA-2323-4B57-B0B9-47EF0C08F915}
		{93FDE9AB-45F5-4BDF-894F-5797D1B49B5C} = {B13005AA-2323-4B57-B0B9-47EF0C08F915}
		{7BD210BB-AF2F-4C11-82A9-920D97321F54} = {098E5DCF-AD2A-400A-9F64-08484CAEA74C}
		{E4E7046F-1BEC-4FCC-8F07-E3133BE92F08} = {098E5DCF-AD2A-400A-9F64-08484CAEA74C}
		{C1A1D15C-6234-4966-830A-AEEDAEEB5D03} = {098E5DCF-AD2A-400A-9F64-08484CAEA74C}
		{92A1B56D-8CEA-4390-89EF-39D727840E67} = {D8F0F8EC-5522-4224-9957-E531C0837FEC}
		{F43F0916-DAB4-4D02-8012-138FD6FFB072} = {D8F0F8EC-5522-4224-9957-E531C0837FEC}
		{9826A02B-9AF5-4EA3-AB3F-30358958A7BB} = {D8F0F8EC-5522-4224-9957-E531C0837FEC}
	EndGlobalSection
	GlobalSection(ExtensibilityGlobals) = postSolution
		SolutionGuid = {EA4B0650-E0AF-47F5-8FB7-4C052030B0D7}
	EndGlobalSection
EndGlobal
